# This file is automatically @generated by Cargo.
# It is not intended for manual editing.
version = 4

[[package]]
name = "firefly-rust"
version = "0.11.0"
source = "registry+https://github.com/rust-lang/crates.io-index"
checksum = "8ade588d4b9fdf8b177e44274b8e083bc4b196f6711e783bb74b0b452a8ad072"

[[package]]
name = "lampy"
version = "0.1.0"
dependencies = [
 "firefly-rust",
]
